
Microsoft Visual Studio Solution File, Format Version 12.00
# Visual Studio Version 16
VisualStudioVersion = 16.0.30523.141
MinimumVisualStudioVersion = 10.0.40219.1
Project("{FAE04EC0-301F-11D3-BF4B-00C04F79EFBC}") = "CampIntro", "CampIntro.csproj", "{12BF31F6-076D-45E8-8ED5-078DB206F523}"
EndProject
Project("{FAE04EC0-301F-11D3-BF4B-00C04F79EFBC}") = "Loops", "..\Loops\Loops.csproj", "{B5F94210-D7BD-4E8A-A557-732725510C6A}"
EndProject
Project("{FAE04EC0-301F-11D3-BF4B-00C04F79EFBC}") = "Classes", "..\Classes\Classes.csproj", "{40A7778D-B0A8-47BF-9911-068B576D0106}"
EndProject
Project("{FAE04EC0-301F-11D3-BF4B-00C04F79EFBC}") = "homework", "..\homework\homework.csproj", "{F791D152-2CCE-46FF-957E-1179780DC806}"
EndProject
Global
	GlobalSection(SolutionConfigurationPlatforms) = preSolution
		Debug|Any CPU = Debug|Any CPU
		Release|Any CPU = Release|Any CPU
	EndGlobalSection
	GlobalSection(ProjectConfigurationPlatforms) = postSolution
		{12BF31F6-076D-45E8-8ED5-078DB206F523}.Debug|Any CPU.ActiveCfg = Debug|Any CPU
		{12BF31F6-076D-45E8-8ED5-078DB206F523}.Debug|Any CPU.Build.0 = Debug|Any CPU
		{12BF31F6-076D-45E8-8ED5-078DB206F523}.Release|Any CPU.ActiveCfg = Release|Any CPU
		{12BF31F6-076D-45E8-8ED5-078DB206F523}.Release|Any CPU.Build.0 = Release|Any CPU
		{B5F94210-D7BD-4E8A-A557-732725510C6A}.Debug|Any CPU.ActiveCfg = Debug|Any CPU
		{B5F94210-D7BD-4E8A-A557-732725510C6A}.Debug|Any CPU.Build.0 = Debug|Any CPU
		{B5F94210-D7BD-4E8A-A557-732725510C6A}.Release|Any CPU.ActiveCfg = Release|Any CPU
		{B5F94210-D7BD-4E8A-A557-732725510C6A}.Release|Any CPU.Build.0 = Release|Any CPU
		{40A7778D-B0A8-47BF-9911-068B576D0106}.Debug|Any CPU.ActiveCfg = Debug|Any CPU
		{40A7778D-B0A8-47BF-9911-068B576D0106}.Debug|Any CPU.Build.0 = Debug|Any CPU
		{40A7778D-B0A8-47BF-9911-068B576D0106}.Release|Any CPU.ActiveCfg = Release|Any CPU
		{40A7778D-B0A8-47BF-9911-068B576D0106}.Release|Any CPU.Build.0 = Release|Any CPU
		{F791D152-2CCE-46FF-957E-1179780DC806}.Debug|Any CPU.ActiveCfg = Debug|Any CPU
		{F791D152-2CCE-46FF-957E-1179780DC806}.Debug|Any CPU.Build.0 = Debug|Any CPU
		{F791D152-2CCE-46FF-957E-1179780DC806}.Release|Any CPU.ActiveCfg = Release|Any CPU
		{F791D152-2CCE-46FF-957E-1179780DC806}.Release|Any CPU.Build.0 = Release|Any CPU
	EndGlobalSection
	GlobalSection(SolutionProperties) = preSolution
		HideSolutionNode = FALSE
	EndGlobalSection
	GlobalSection(ExtensibilityGlobals) = postSolution
		SolutionGuid = {C521E0F3-897B-4E6E-90D7-089B2445C66C}
	EndGlobalSection
EndGlobal
